
Microsoft Visual Studio Solution File, Format Version 12.00
# Visual Studio Version 17
VisualStudioVersion = 17.10.34916.146
MinimumVisualStudioVersion = 10.0.40219.1
Project("{9A19103F-16F7-4668-BE54-9A1E7A4F7556}") = "BookStore", "BookStore.csproj", "{D203EE57-F810-4432-A485-8265633F3373}"
EndProject
Global
	GlobalSection(SolutionConfigurationPlatforms) = preSolution
		Debug|Any CPU = Debug|Any CPU
		Release|Any CPU = Release|Any CPU
	EndGlobalSection
	GlobalSection(ProjectConfigurationPlatforms) = postSolution
		{D203EE57-F810-4432-A485-8265633F3373}.Debug|Any CPU.ActiveCfg = Debug|Any CPU
		{D203EE57-F810-4432-A485-8265633F3373}.Debug|Any CPU.Build.0 = Debug|Any CPU
		{D203EE57-F810-4432-A485-8265633F3373}.Release|Any CPU.ActiveCfg = Release|Any CPU
		{D203EE57-F810-4432-A485-8265633F3373}.Release|Any CPU.Build.0 = Release|Any CPU
	EndGlobalSection
	GlobalSection(SolutionProperties) = preSolution
		HideSolutionNode = FALSE
	EndGlobalSection
	GlobalSection(ExtensibilityGlobals) = postSolution
		SolutionGuid = {5B91D57E-D538-4605-AAF3-49E10EEBBB3F}
	EndGlobalSection
EndGlobal
